
Microsoft Visual Studio Solution File, Format Version 12.00
# Visual Studio 14
VisualStudioVersion = 14.0.25420.1
MinimumVisualStudioVersion = 10.0.40219.1
Project("{FAE04EC0-301F-11D3-BF4B-00C04F79EFBC}") = "SharePointScanner", "SharePointScanner\SharePointScanner.csproj", "{B8783A1E-FB68-4F92-96BD-6D8364A02626}"
EndProject
Project("{FAE04EC0-301F-11D3-BF4B-00C04F79EFBC}") = "SharePointBrowser", "SharePointBrowser\SharePointBrowser.csproj", "{BA990823-1D3E-493B-BD4D-F125A021E0B8}"
EndProject
Project("{FAE04EC0-301F-11D3-BF4B-00C04F79EFBC}") = "SharePointScannerCMD", "SharePointScannerCMD\SharePointScannerCMD.csproj", "{AFAA546C-AB9B-4161-940C-D5DAC0BBD4DD}"
EndProject
Global
	GlobalSection(SolutionConfigurationPlatforms) = preSolution
		Debug|Any CPU = Debug|Any CPU
		Release|Any CPU = Release|Any CPU
	EndGlobalSection
	GlobalSection(ProjectConfigurationPlatforms) = postSolution
		{B8783A1E-FB68-4F92-96BD-6D8364A02626}.Debug|Any CPU.ActiveCfg = Debug|Any CPU
		{B8783A1E-FB68-4F92-96BD-6D8364A02626}.Debug|Any CPU.Build.0 = Debug|Any CPU
		{B8783A1E-FB68-4F92-96BD-6D8364A02626}.Release|Any CPU.ActiveCfg = Release|Any CPU
		{B8783A1E-FB68-4F92-96BD-6D8364A02626}.Release|Any CPU.Build.0 = Release|Any CPU
		{BA990823-1D3E-493B-BD4D-F125A021E0B8}.Debug|Any CPU.ActiveCfg = Debug|Any CPU
		{BA990823-1D3E-493B-BD4D-F125A021E0B8}.Debug|Any CPU.Build.0 = Debug|Any CPU
		{BA990823-1D3E-493B-BD4D-F125A021E0B8}.Release|Any CPU.ActiveCfg = Release|Any CPU
		{BA990823-1D3E-493B-BD4D-F125A021E0B8}.Release|Any CPU.Build.0 = Release|Any CPU
		{AFAA546C-AB9B-4161-940C-D5DAC0BBD4DD}.Debug|Any CPU.ActiveCfg = Debug|Any CPU
		{AFAA546C-AB9B-4161-940C-D5DAC0BBD4DD}.Debug|Any CPU.Build.0 = Debug|Any CPU
		{AFAA546C-AB9B-4161-940C-D5DAC0BBD4DD}.Release|Any CPU.ActiveCfg = Release|Any CPU
		{AFAA546C-AB9B-4161-940C-D5DAC0BBD4DD}.Release|Any CPU.Build.0 = Release|Any CPU
	EndGlobalSection
	GlobalSection(SolutionProperties) = preSolution
		HideSolutionNode = FALSE
	EndGlobalSection
EndGlobal
